
Microsoft Visual Studio Solution File, Format Version 12.00
# Visual Studio Version 16
VisualStudioVersion = 16.0.31402.337
MinimumVisualStudioVersion = 10.0.40219.1
Project("{FAE04EC0-301F-11D3-BF4B-00C04F79EFBC}") = "CloseBrowsers", "CloseBrowsers\CloseBrowsers.csproj", "{940BDB6F-BB7A-41C5-B415-4EFBD8426E04}"
EndProject
Global
	GlobalSection(SolutionConfigurationPlatforms) = preSolution
		Debug|Any CPU = Debug|Any CPU
		Release|Any CPU = Release|Any CPU
	EndGlobalSection
	GlobalSection(ProjectConfigurationPlatforms) = postSolution
		{940BDB6F-BB7A-41C5-B415-4EFBD8426E04}.Debug|Any CPU.ActiveCfg = Debug|Any CPU
		{940BDB6F-BB7A-41C5-B415-4EFBD8426E04}.Debug|Any CPU.Build.0 = Debug|Any CPU
		{940BDB6F-BB7A-41C5-B415-4EFBD8426E04}.Release|Any CPU.ActiveCfg = Release|Any CPU
		{940BDB6F-BB7A-41C5-B415-4EFBD8426E04}.Release|Any CPU.Build.0 = Release|Any CPU
	EndGlobalSection
	GlobalSection(SolutionProperties) = preSolution
		HideSolutionNode = FALSE
	EndGlobalSection
	GlobalSection(ExtensibilityGlobals) = postSolution
		SolutionGuid = {D31FC5B1-2ABF-4D11-B57E-62F0DB756123}
	EndGlobalSection
EndGlobal
